{
  "version": "4",
  "specifiers": {
    "jsr:@std/assert@*": "1.0.8",
    "jsr:@std/assert@^1.0.2": "1.0.8",
    "jsr:@std/internal@^1.0.5": "1.0.5",
    "jsr:@tls/enum@*": "0.1.0",
    "jsr:@tls/enum@0.1": "0.1.0",
    "jsr:@tls/enum@^0.0.7": "0.0.7",
    "jsr:@tls/extension@*": "0.0.7",
    "jsr:@tls/extension@^0.0.6": "0.0.6",
    "jsr:@tls/extension@^0.0.7": "0.0.7",
    "jsr:@tls/struct@*": "0.2.2",
    "jsr:@tls/struct@~0.2.2": "0.2.2",
    "npm:@noble/curves@1.6.0": "1.6.0"
  },
  "jsr": {
    "@std/assert@1.0.8": {
      "integrity": "ebe0bd7eb488ee39686f77003992f389a06c3da1bbd8022184804852b2fa641b",
      "dependencies": [
        "jsr:@std/internal"
      ]
    },
    "@std/internal@1.0.5": {
      "integrity": "54a546004f769c1ac9e025abd15a76b6671ddc9687e2313b67376125650dc7ba"
    },
    "@tls/enum@0.0.7": {
      "integrity": "84d168866e6cd7a874ddcc8b9f96503fdc93fa8962728cc8d34d57f30a6d52a5"
    },
    "@tls/enum@0.1.0": {
      "integrity": "c2661b6538566b749c66f78e5f00f7646ef5d398f22077ce084625c1e6e2f2dd",
      "dependencies": [
        "jsr:@tls/extension@^0.0.6",
        "jsr:@tls/struct@~0.2.2",
        "npm:@noble/curves"
      ]
    },
    "@tls/extension@0.0.6": {
      "integrity": "51aed8572e3efbad834130e9f00228702494ce9d6e39d029803e15bf8a54dee2",
      "dependencies": [
        "jsr:@tls/enum@^0.0.7",
        "jsr:@tls/struct@~0.2.2"
      ]
    },
    "@tls/extension@0.0.7": {
      "integrity": "5291a4ca778ac0cecd9b7d25ea98f6be1a68feedf5c90795cec1ec85c7c72c31",
      "dependencies": [
        "jsr:@tls/enum@0.1",
        "jsr:@tls/struct@~0.2.2"
      ]
    },
    "@tls/struct@0.2.2": {
      "integrity": "204f2cc451d4c73b71ac9057074b96914b801fd8b4b9afbd2b9c35857f056464"
    }
  },
  "npm": {
    "@noble/curves@1.6.0": {
      "integrity": "sha512-TlaHRXDehJuRNR9TfZDNQ45mMEd5dwUwmicsafcIX4SsNiqnCHKjE/1alYPd/lDRVhxdhUAlv8uEhMCI5zjIJQ==",
      "dependencies": [
        "@noble/hashes"
      ]
    },
    "@noble/hashes@1.5.0": {
      "integrity": "sha512-1j6kQFb7QRru7eKN3ZDvRcP13rugwdxZqCjbiAVZfIJwgj2A65UmT4TgARXGlXgnRkORLTDTrO19ZErt7+QXgA=="
    }
  },
  "workspace": {
    "dependencies": [
      "jsr:@std/assert@^1.0.2",
      "jsr:@tls/enum@0.1",
      "jsr:@tls/extension@^0.0.7",
      "jsr:@tls/struct@~0.2.2"
    ]
  }
}
