{
  "version": "4",
  "specifiers": {
    "jsr:@std/assert@*": "1.0.8",
    "jsr:@std/assert@^1.0.2": "1.0.8",
    "jsr:@std/internal@^1.0.5": "1.0.5",
    "jsr:@tls/enum@~0.2.2": "0.2.4",
    "jsr:@tls/enum@~0.2.4": "0.2.4",
    "jsr:@tls/extension@0.2": "0.2.0",
    "jsr:@tls/extension@~0.1.2": "0.1.9",
    "jsr:@tls/struct@0.3": "0.3.0",
    "jsr:@tls/struct@~0.2.6": "0.2.8",
    "npm:@noble/curves@1.6.0": "1.6.0"
  },
  "jsr": {
    "@std/assert@1.0.8": {
      "integrity": "ebe0bd7eb488ee39686f77003992f389a06c3da1bbd8022184804852b2fa641b",
      "dependencies": [
        "jsr:@std/internal"
      ]
    },
    "@std/internal@1.0.5": {
      "integrity": "54a546004f769c1ac9e025abd15a76b6671ddc9687e2313b67376125650dc7ba"
    },
    "@tls/enum@0.2.4": {
      "integrity": "84b4578de8ec0bcd8a55c271c15daab060b123954e49434068eafd8b9b18e07a",
      "dependencies": [
        "jsr:@tls/extension@~0.1.2",
        "jsr:@tls/struct@~0.2.6",
        "npm:@noble/curves"
      ]
    },
    "@tls/extension@0.1.9": {
      "integrity": "915e2f21dd4829c458ee7c7fbc71b0e15afd3a77ff32092a8bc92847c186f2be",
      "dependencies": [
        "jsr:@tls/enum@~0.2.2",
        "jsr:@tls/struct@0.3"
      ]
    },
    "@tls/extension@0.2.0": {
      "integrity": "6a305a20df150d5ad3699617824d7798b115d09d463ab7e7bd0230d94b3bb01d",
      "dependencies": [
        "jsr:@tls/enum@~0.2.2",
        "jsr:@tls/struct@0.3"
      ]
    },
    "@tls/struct@0.2.8": {
      "integrity": "6eab275a12228cf8b47a36e78f4f8e7e64fce61abf7b3a2000a4168c95c8e9c3"
    },
    "@tls/struct@0.3.0": {
      "integrity": "9cc2180608542c456b6b784936a4902e723e12a8a68ece263b97a29f2c592cf2"
    }
  },
  "npm": {
    "@noble/curves@1.6.0": {
      "integrity": "sha512-TlaHRXDehJuRNR9TfZDNQ45mMEd5dwUwmicsafcIX4SsNiqnCHKjE/1alYPd/lDRVhxdhUAlv8uEhMCI5zjIJQ==",
      "dependencies": [
        "@noble/hashes"
      ]
    },
    "@noble/hashes@1.5.0": {
      "integrity": "sha512-1j6kQFb7QRru7eKN3ZDvRcP13rugwdxZqCjbiAVZfIJwgj2A65UmT4TgARXGlXgnRkORLTDTrO19ZErt7+QXgA=="
    }
  },
  "workspace": {
    "dependencies": [
      "jsr:@std/assert@^1.0.2",
      "jsr:@tls/enum@~0.2.4",
      "jsr:@tls/extension@0.2",
      "jsr:@tls/struct@0.3"
    ]
  }
}
